{
	"name": "@markbind/core-web",
	"version": "2.17.0",
	"lockfileVersion": 1,
	"requires": true,
	"dependencies": {
		"memfs": {
			"version": "3.2.0",
			"resolved": "https://registry.npmjs.org/memfs/-/memfs-3.2.0.tgz",
			"integrity": "sha512-f/xxz2TpdKv6uDn6GtHee8ivFyxwxmPuXatBb1FBwxYNuVpbM3k/Y1Z+vC0mH/dIXXrukYfe3qe5J32Dfjg93A==",
			"dev": true,
			"requires": {
				"fs-monkey": "1.0.1"
			},
			"dependencies": {
				"fs-monkey": {
					"version": "1.0.1",
					"resolved": "https://registry.npmjs.org/fs-monkey/-/fs-monkey-1.0.1.tgz",
					"integrity": "sha512-fcSa+wyTqZa46iWweI7/ZiUfegOZl0SG8+dltIwFXo7+zYU9J9kpS3NB6pZcSlJdhvIwp81Adx2XhZorncxiaA==",
					"dev": true
				}
			}
		}
	}
}
